
Microsoft Visual Studio Solution File, Format Version 12.00
# Visual Studio Version 17
VisualStudioVersion = 17.2.32630.192
MinimumVisualStudioVersion = 10.0.40219.1
Project("{9A19103F-16F7-4668-BE54-9A1E7A4F7556}") = "NamedParametersSystem", "NamedParametersSystem.csproj", "{9CC1D609-674A-4C3B-BB82-36DD60E5A4F0}"
EndProject
Project("{9A19103F-16F7-4668-BE54-9A1E7A4F7556}") = "NamedParametersSystemTestConsole", "..\NamedParametersSystemTestConsole\NamedParametersSystemTestConsole.csproj", "{15E51DA5-0FEB-4529-B8DD-BA4B232BCC31}"
	ProjectSection(ProjectDependencies) = postProject
		{9CC1D609-674A-4C3B-BB82-36DD60E5A4F0} = {9CC1D609-674A-4C3B-BB82-36DD60E5A4F0}
	EndProjectSection
EndProject
Project("{FAE04EC0-301F-11D3-BF4B-00C04F79EFBC}") = "NamedParametersSystemWinControls", "..\NamedParametersSystemWinControls\NamedParametersSystemWinControls.csproj", "{1181B208-8BB5-4845-8B4E-E20B8B88E049}"
EndProject
Global
	GlobalSection(SolutionConfigurationPlatforms) = preSolution
		Debug|Any CPU = Debug|Any CPU
		Release|Any CPU = Release|Any CPU
	EndGlobalSection
	GlobalSection(ProjectConfigurationPlatforms) = postSolution
		{9CC1D609-674A-4C3B-BB82-36DD60E5A4F0}.Debug|Any CPU.ActiveCfg = Debug|Any CPU
		{9CC1D609-674A-4C3B-BB82-36DD60E5A4F0}.Debug|Any CPU.Build.0 = Debug|Any CPU
		{9CC1D609-674A-4C3B-BB82-36DD60E5A4F0}.Release|Any CPU.ActiveCfg = Release|Any CPU
		{9CC1D609-674A-4C3B-BB82-36DD60E5A4F0}.Release|Any CPU.Build.0 = Release|Any CPU
		{15E51DA5-0FEB-4529-B8DD-BA4B232BCC31}.Debug|Any CPU.ActiveCfg = Debug|Any CPU
		{15E51DA5-0FEB-4529-B8DD-BA4B232BCC31}.Debug|Any CPU.Build.0 = Debug|Any CPU
		{15E51DA5-0FEB-4529-B8DD-BA4B232BCC31}.Release|Any CPU.ActiveCfg = Release|Any CPU
		{15E51DA5-0FEB-4529-B8DD-BA4B232BCC31}.Release|Any CPU.Build.0 = Release|Any CPU
		{1181B208-8BB5-4845-8B4E-E20B8B88E049}.Debug|Any CPU.ActiveCfg = Debug|Any CPU
		{1181B208-8BB5-4845-8B4E-E20B8B88E049}.Debug|Any CPU.Build.0 = Debug|Any CPU
		{1181B208-8BB5-4845-8B4E-E20B8B88E049}.Release|Any CPU.ActiveCfg = Release|Any CPU
		{1181B208-8BB5-4845-8B4E-E20B8B88E049}.Release|Any CPU.Build.0 = Release|Any CPU
	EndGlobalSection
	GlobalSection(SolutionProperties) = preSolution
		HideSolutionNode = FALSE
	EndGlobalSection
	GlobalSection(ExtensibilityGlobals) = postSolution
		SolutionGuid = {BA800560-80E3-4678-AE30-9EF9F0F83466}
	EndGlobalSection
EndGlobal
